
Microsoft Visual Studio Solution File, Format Version 12.00
# Visual Studio Version 16
VisualStudioVersion = 16.0.31229.75
MinimumVisualStudioVersion = 10.0.40219.1
Project("{9A19103F-16F7-4668-BE54-9A1E7A4F7556}") = "HabitsBot", "HabitsBot\HabitsBot.csproj", "{E5F2C60E-DC42-49E2-91A0-2984DC20AAEA}"
EndProject
Project("{9A19103F-16F7-4668-BE54-9A1E7A4F7556}") = "HabitsBot.DAL", "HabitsBot.DAL\HabitsBot.DAL.csproj", "{7F81F19A-9AE5-4650-906D-7960C9A466FD}"
EndProject
Project("{9A19103F-16F7-4668-BE54-9A1E7A4F7556}") = "HabitsBot.Tests", "HabitsBot.Tests\HabitsBot.Tests.csproj", "{B62B1274-D03C-484A-91B1-0DDCCBFC5B56}"
EndProject
Project("{9A19103F-16F7-4668-BE54-9A1E7A4F7556}") = "HabitsBot.Helpers", "HabitsBot.Helpers\HabitsBot.Helpers.csproj", "{01714E81-5D14-4EF8-9366-BEDBBA73C715}"
EndProject
Project("{FAE04EC0-301F-11D3-BF4B-00C04F79EFBC}") = "HabitsBot.TelegramCore", "HabitsBot.TelegramCore\HabitsBot.TelegramCore.csproj", "{32A3CCB9-95DA-49F5-919F-147B13DD0838}"
EndProject
Global
	GlobalSection(SolutionConfigurationPlatforms) = preSolution
		Debug|Any CPU = Debug|Any CPU
		Release|Any CPU = Release|Any CPU
	EndGlobalSection
	GlobalSection(ProjectConfigurationPlatforms) = postSolution
		{E5F2C60E-DC42-49E2-91A0-2984DC20AAEA}.Debug|Any CPU.ActiveCfg = Debug|Any CPU
		{E5F2C60E-DC42-49E2-91A0-2984DC20AAEA}.Debug|Any CPU.Build.0 = Debug|Any CPU
		{E5F2C60E-DC42-49E2-91A0-2984DC20AAEA}.Release|Any CPU.ActiveCfg = Release|Any CPU
		{E5F2C60E-DC42-49E2-91A0-2984DC20AAEA}.Release|Any CPU.Build.0 = Release|Any CPU
		{7F81F19A-9AE5-4650-906D-7960C9A466FD}.Debug|Any CPU.ActiveCfg = Debug|Any CPU
		{7F81F19A-9AE5-4650-906D-7960C9A466FD}.Debug|Any CPU.Build.0 = Debug|Any CPU
		{7F81F19A-9AE5-4650-906D-7960C9A466FD}.Release|Any CPU.ActiveCfg = Release|Any CPU
		{7F81F19A-9AE5-4650-906D-7960C9A466FD}.Release|Any CPU.Build.0 = Release|Any CPU
		{B62B1274-D03C-484A-91B1-0DDCCBFC5B56}.Debug|Any CPU.ActiveCfg = Debug|Any CPU
		{B62B1274-D03C-484A-91B1-0DDCCBFC5B56}.Debug|Any CPU.Build.0 = Debug|Any CPU
		{B62B1274-D03C-484A-91B1-0DDCCBFC5B56}.Release|Any CPU.ActiveCfg = Release|Any CPU
		{B62B1274-D03C-484A-91B1-0DDCCBFC5B56}.Release|Any CPU.Build.0 = Release|Any CPU
		{01714E81-5D14-4EF8-9366-BEDBBA73C715}.Debug|Any CPU.ActiveCfg = Debug|Any CPU
		{01714E81-5D14-4EF8-9366-BEDBBA73C715}.Debug|Any CPU.Build.0 = Debug|Any CPU
		{01714E81-5D14-4EF8-9366-BEDBBA73C715}.Release|Any CPU.ActiveCfg = Release|Any CPU
		{01714E81-5D14-4EF8-9366-BEDBBA73C715}.Release|Any CPU.Build.0 = Release|Any CPU
		{32A3CCB9-95DA-49F5-919F-147B13DD0838}.Debug|Any CPU.ActiveCfg = Debug|Any CPU
		{32A3CCB9-95DA-49F5-919F-147B13DD0838}.Debug|Any CPU.Build.0 = Debug|Any CPU
		{32A3CCB9-95DA-49F5-919F-147B13DD0838}.Release|Any CPU.ActiveCfg = Release|Any CPU
		{32A3CCB9-95DA-49F5-919F-147B13DD0838}.Release|Any CPU.Build.0 = Release|Any CPU
	EndGlobalSection
	GlobalSection(SolutionProperties) = preSolution
		HideSolutionNode = FALSE
	EndGlobalSection
	GlobalSection(ExtensibilityGlobals) = postSolution
		SolutionGuid = {BE378935-CFA4-4958-9DB0-F61E96473303}
	EndGlobalSection
EndGlobal
